// !$*UTF8*$!
{
	archiveVersion = 1;
	classes = {
	};
	objectVersion = 56;
	objects = {

/* Begin PBXBuildFile section */
		6491B0A52C44FE3500C2D825 /* URL+Ext.swift in Sources */ = {isa = PBXBuildFile; fileRef = 6491B0A32C44FE3500C2D825 /* URL+Ext.swift */; };
		6491B0A82C45051F00C2D825 /* MultipartForm in Frameworks */ = {isa = PBXBuildFile; productRef = 6491B0A72C45051F00C2D825 /* MultipartForm */; };
		6491B0AA2C451D2300C2D825 /* URLRequest+Ext.swift in Sources */ = {isa = PBXBuildFile; fileRef = 6491B0A92C451D2300C2D825 /* URLRequest+Ext.swift */; };
		6496CB262C42B81700381F0F /* TodosAPI.swift in Sources */ = {isa = PBXBuildFile; fileRef = 6496CB242C42B81700381F0F /* TodosAPI.swift */; };
		6496CB282C42BC6400381F0F /* TodosVM.swift in Sources */ = {isa = PBXBuildFile; fileRef = 6496CB272C42BC6300381F0F /* TodosVM.swift */; };
		6496CB2B2C42BC9300381F0F /* TodosResponse.swift in Sources */ = {isa = PBXBuildFile; fileRef = 6496CB292C42BC9300381F0F /* TodosResponse.swift */; };
		64ACDAF02C478E0700A4C169 /* TodosAPI+Closure.swift in Sources */ = {isa = PBXBuildFile; fileRef = 64ACDAEF2C478E0700A4C169 /* TodosAPI+Closure.swift */; };
		64ACDAF42C47B42800A4C169 /* TodosAPI+Combine.swift in Sources */ = {isa = PBXBuildFile; fileRef = 64ACDAF32C47B42800A4C169 /* TodosAPI+Combine.swift */; };
		64ACDB092C4908C000A4C169 /* CombineCocoa in Frameworks */ = {isa = PBXBuildFile; productRef = 64ACDB082C4908C000A4C169 /* CombineCocoa */; };
		F2A438F0291CE4D6006402B0 /* TodoCell.xib in Resources */ = {isa = PBXBuildFile; fileRef = F2A438EF291CE4D6006402B0 /* TodoCell.xib */; };
		F2A438F2291CE6DA006402B0 /* TodoCell.swift in Sources */ = {isa = PBXBuildFile; fileRef = F2A438F1291CE6DA006402B0 /* TodoCell.swift */; };
		F2A438F4291D31ED006402B0 /* TodosView.swift in Sources */ = {isa = PBXBuildFile; fileRef = F2A438F3291D31ED006402B0 /* TodosView.swift */; };
		F2A438F7291D351C006402B0 /* Button+Style.swift in Sources */ = {isa = PBXBuildFile; fileRef = F2A438F6291D351C006402B0 /* Button+Style.swift */; };
		F2A438FA291D391C006402B0 /* UISearchBarWrapper.swift in Sources */ = {isa = PBXBuildFile; fileRef = F2A438F9291D391C006402B0 /* UISearchBarWrapper.swift */; };
		F2A438FC291D3A9B006402B0 /* TodoRow.swift in Sources */ = {isa = PBXBuildFile; fileRef = F2A438FB291D3A9B006402B0 /* TodoRow.swift */; };
		F2C9BF67291BE21B003BC36C /* TodoAppTutorialApp.swift in Sources */ = {isa = PBXBuildFile; fileRef = F2C9BF66291BE21B003BC36C /* TodoAppTutorialApp.swift */; };
		F2C9BF69291BE21B003BC36C /* ContentView.swift in Sources */ = {isa = PBXBuildFile; fileRef = F2C9BF68291BE21B003BC36C /* ContentView.swift */; };
		F2C9BF6B291BE21D003BC36C /* Assets.xcassets in Resources */ = {isa = PBXBuildFile; fileRef = F2C9BF6A291BE21D003BC36C /* Assets.xcassets */; };
		F2C9BF6E291BE21D003BC36C /* Preview Assets.xcassets in Resources */ = {isa = PBXBuildFile; fileRef = F2C9BF6D291BE21D003BC36C /* Preview Assets.xcassets */; };
		F2C9BF77291BE362003BC36C /* MainVC.storyboard in Resources */ = {isa = PBXBuildFile; fileRef = F2C9BF76291BE362003BC36C /* MainVC.storyboard */; };
		F2C9BF79291BE37A003BC36C /* MainVC.swift in Sources */ = {isa = PBXBuildFile; fileRef = F2C9BF78291BE37A003BC36C /* MainVC.swift */; };
/* End PBXBuildFile section */

/* Begin PBXFileReference section */
		6491B0A32C44FE3500C2D825 /* URL+Ext.swift */ = {isa = PBXFileReference; fileEncoding = 4; lastKnownFileType = sourcecode.swift; path = "URL+Ext.swift"; sourceTree = "<group>"; };
		6491B0A92C451D2300C2D825 /* URLRequest+Ext.swift */ = {isa = PBXFileReference; fileEncoding = 4; lastKnownFileType = sourcecode.swift; path = "URLRequest+Ext.swift"; sourceTree = "<group>"; };
		6496CB242C42B81700381F0F /* TodosAPI.swift */ = {isa = PBXFileReference; fileEncoding = 4; lastKnownFileType = sourcecode.swift; path = TodosAPI.swift; sourceTree = "<group>"; };
		6496CB272C42BC6300381F0F /* TodosVM.swift */ = {isa = PBXFileReference; fileEncoding = 4; lastKnownFileType = sourcecode.swift; path = TodosVM.swift; sourceTree = "<group>"; };
		6496CB292C42BC9300381F0F /* TodosResponse.swift */ = {isa = PBXFileReference; fileEncoding = 4; lastKnownFileType = sourcecode.swift; path = TodosResponse.swift; sourceTree = "<group>"; };
		64ACDAEF2C478E0700A4C169 /* TodosAPI+Closure.swift */ = {isa = PBXFileReference; lastKnownFileType = sourcecode.swift; path = "TodosAPI+Closure.swift"; sourceTree = "<group>"; };
		64ACDAF32C47B42800A4C169 /* TodosAPI+Combine.swift */ = {isa = PBXFileReference; fileEncoding = 4; lastKnownFileType = sourcecode.swift; path = "TodosAPI+Combine.swift"; sourceTree = "<group>"; };
		F2A438EF291CE4D6006402B0 /* TodoCell.xib */ = {isa = PBXFileReference; lastKnownFileType = file.xib; path = TodoCell.xib; sourceTree = "<group>"; };
		F2A438F1291CE6DA006402B0 /* TodoCell.swift */ = {isa = PBXFileReference; lastKnownFileType = sourcecode.swift; path = TodoCell.swift; sourceTree = "<group>"; };
		F2A438F3291D31ED006402B0 /* TodosView.swift */ = {isa = PBXFileReference; lastKnownFileType = sourcecode.swift; path = TodosView.swift; sourceTree = "<group>"; };
		F2A438F6291D351C006402B0 /* Button+Style.swift */ = {isa = PBXFileReference; lastKnownFileType = sourcecode.swift; path = "Button+Style.swift"; sourceTree = "<group>"; };
		F2A438F9291D391C006402B0 /* UISearchBarWrapper.swift */ = {isa = PBXFileReference; lastKnownFileType = sourcecode.swift; path = UISearchBarWrapper.swift; sourceTree = "<group>"; };
		F2A438FB291D3A9B006402B0 /* TodoRow.swift */ = {isa = PBXFileReference; lastKnownFileType = sourcecode.swift; path = TodoRow.swift; sourceTree = "<group>"; };
		F2C9BF63291BE21B003BC36C /* TodoAppTutorial.app */ = {isa = PBXFileReference; explicitFileType = wrapper.application; includeInIndex = 0; path = TodoAppTutorial.app; sourceTree = BUILT_PRODUCTS_DIR; };
		F2C9BF66291BE21B003BC36C /* TodoAppTutorialApp.swift */ = {isa = PBXFileReference; lastKnownFileType = sourcecode.swift; path = TodoAppTutorialApp.swift; sourceTree = "<group>"; };
		F2C9BF68291BE21B003BC36C /* ContentView.swift */ = {isa = PBXFileReference; lastKnownFileType = sourcecode.swift; path = ContentView.swift; sourceTree = "<group>"; };
		F2C9BF6A291BE21D003BC36C /* Assets.xcassets */ = {isa = PBXFileReference; lastKnownFileType = folder.assetcatalog; path = Assets.xcassets; sourceTree = "<group>"; };
		F2C9BF6D291BE21D003BC36C /* Preview Assets.xcassets */ = {isa = PBXFileReference; lastKnownFileType = folder.assetcatalog; path = "Preview Assets.xcassets"; sourceTree = "<group>"; };
		F2C9BF76291BE362003BC36C /* MainVC.storyboard */ = {isa = PBXFileReference; lastKnownFileType = file.storyboard; path = MainVC.storyboard; sourceTree = "<group>"; };
		F2C9BF78291BE37A003BC36C /* MainVC.swift */ = {isa = PBXFileReference; lastKnownFileType = sourcecode.swift; path = MainVC.swift; sourceTree = "<group>"; };
/* End PBXFileReference section */

/* Begin PBXFrameworksBuildPhase section */
		F2C9BF60291BE21B003BC36C /* Frameworks */ = {
			isa = PBXFrameworksBuildPhase;
			buildActionMask = 2147483647;
			files = (
				64ACDB092C4908C000A4C169 /* CombineCocoa in Frameworks */,
				6491B0A82C45051F00C2D825 /* MultipartForm in Frameworks */,
			);
			runOnlyForDeploymentPostprocessing = 0;
		};
/* End PBXFrameworksBuildPhase section */

/* Begin PBXGroup section */
		6491B0A42C44FE3500C2D825 /* Extensions */ = {
			isa = PBXGroup;
			children = (
				6491B0A92C451D2300C2D825 /* URLRequest+Ext.swift */,
				6491B0A32C44FE3500C2D825 /* URL+Ext.swift */,
			);
			path = Extensions;
			sourceTree = "<group>";
		};
		6496CB252C42B81700381F0F /* API */ = {
			isa = PBXGroup;
			children = (
				64ACDAEF2C478E0700A4C169 /* TodosAPI+Closure.swift */,
				6496CB242C42B81700381F0F /* TodosAPI.swift */,
				64ACDAF32C47B42800A4C169 /* TodosAPI+Combine.swift */,
			);
			path = API;
			sourceTree = "<group>";
		};
		6496CB2A2C42BC9300381F0F /* Data */ = {
			isa = PBXGroup;
			children = (
				6496CB292C42BC9300381F0F /* TodosResponse.swift */,
			);
			path = Data;
			sourceTree = "<group>";
		};
		F2A438F5291D350E006402B0 /* Styles */ = {
			isa = PBXGroup;
			children = (
				F2A438F6291D351C006402B0 /* Button+Style.swift */,
			);
			path = Styles;
			sourceTree = "<group>";
		};
		F2A438F8291D3904006402B0 /* SwiftUi */ = {
			isa = PBXGroup;
			children = (
				F2A438F3291D31ED006402B0 /* TodosView.swift */,
				F2A438FB291D3A9B006402B0 /* TodoRow.swift */,
				F2C9BF68291BE21B003BC36C /* ContentView.swift */,
				F2A438F9291D391C006402B0 /* UISearchBarWrapper.swift */,
			);
			path = SwiftUi;
			sourceTree = "<group>";
		};
		F2C9BF5A291BE21B003BC36C = {
			isa = PBXGroup;
			children = (
				F2C9BF65291BE21B003BC36C /* TodoAppTutorial */,
				F2C9BF64291BE21B003BC36C /* Products */,
			);
			sourceTree = "<group>";
		};
		F2C9BF64291BE21B003BC36C /* Products */ = {
			isa = PBXGroup;
			children = (
				F2C9BF63291BE21B003BC36C /* TodoAppTutorial.app */,
			);
			name = Products;
			sourceTree = "<group>";
		};
		F2C9BF65291BE21B003BC36C /* TodoAppTutorial */ = {
			isa = PBXGroup;
			children = (
				6491B0A42C44FE3500C2D825 /* Extensions */,
				6496CB2A2C42BC9300381F0F /* Data */,
				6496CB252C42B81700381F0F /* API */,
				F2A438F5291D350E006402B0 /* Styles */,
				F2C9BF75291BE34B003BC36C /* UIKit */,
				F2A438F8291D3904006402B0 /* SwiftUi */,
				F2C9BF66291BE21B003BC36C /* TodoAppTutorialApp.swift */,
				6496CB272C42BC6300381F0F /* TodosVM.swift */,
				F2C9BF6A291BE21D003BC36C /* Assets.xcassets */,
				F2C9BF6C291BE21D003BC36C /* Preview Content */,
			);
			path = TodoAppTutorial;
			sourceTree = "<group>";
		};
		F2C9BF6C291BE21D003BC36C /* Preview Content */ = {
			isa = PBXGroup;
			children = (
				F2C9BF6D291BE21D003BC36C /* Preview Assets.xcassets */,
			);
			path = "Preview Content";
			sourceTree = "<group>";
		};
		F2C9BF75291BE34B003BC36C /* UIKit */ = {
			isa = PBXGroup;
			children = (
				F2C9BF76291BE362003BC36C /* MainVC.storyboard */,
				F2C9BF78291BE37A003BC36C /* MainVC.swift */,
				F2A438EF291CE4D6006402B0 /* TodoCell.xib */,
				F2A438F1291CE6DA006402B0 /* TodoCell.swift */,
			);
			path = UIKit;
			sourceTree = "<group>";
		};
/* End PBXGroup section */

/* Begin PBXNativeTarget section */
		F2C9BF62291BE21B003BC36C /* TodoAppTutorial */ = {
			isa = PBXNativeTarget;
			buildConfigurationList = F2C9BF71291BE21D003BC36C /* Build configuration list for PBXNativeTarget "TodoAppTutorial" */;
			buildPhases = (
				F2C9BF5F291BE21B003BC36C /* Sources */,
				F2C9BF60291BE21B003BC36C /* Frameworks */,
				F2C9BF61291BE21B003BC36C /* Resources */,
			);
			buildRules = (
			);
			dependencies = (
			);
			name = TodoAppTutorial;
			packageProductDependencies = (
				6491B0A72C45051F00C2D825 /* MultipartForm */,
				64ACDB082C4908C000A4C169 /* CombineCocoa */,
			);
			productName = TodoAppTutorial;
			productReference = F2C9BF63291BE21B003BC36C /* TodoAppTutorial.app */;
			productType = "com.apple.product-type.application";
		};
/* End PBXNativeTarget section */

/* Begin PBXProject section */
		F2C9BF5B291BE21B003BC36C /* Project object */ = {
			isa = PBXProject;
			attributes = {
				BuildIndependentTargetsInParallel = 1;
				LastSwiftUpdateCheck = 1410;
				LastUpgradeCheck = 1410;
				TargetAttributes = {
					F2C9BF62291BE21B003BC36C = {
						CreatedOnToolsVersion = 14.1;
					};
				};
			};
			buildConfigurationList = F2C9BF5E291BE21B003BC36C /* Build configuration list for PBXProject "TodoAppTutorial" */;
			compatibilityVersion = "Xcode 14.0";
			developmentRegion = en;
			hasScannedForEncodings = 0;
			knownRegions = (
				en,
				Base,
			);
			mainGroup = F2C9BF5A291BE21B003BC36C;
			packageReferences = (
				6491B0A62C45051F00C2D825 /* XCRemoteSwiftPackageReference "MultipartForm" */,
				64ACDB072C4908C000A4C169 /* XCRemoteSwiftPackageReference "CombineCocoa" */,
			);
			productRefGroup = F2C9BF64291BE21B003BC36C /* Products */;
			projectDirPath = "";
			projectRoot = "";
			targets = (
				F2C9BF62291BE21B003BC36C /* TodoAppTutorial */,
			);
		};
/* End PBXProject section */

/* Begin PBXResourcesBuildPhase section */
		F2C9BF61291BE21B003BC36C /* Resources */ = {
			isa = PBXResourcesBuildPhase;
			buildActionMask = 2147483647;
			files = (
				F2C9BF77291BE362003BC36C /* MainVC.storyboard in Resources */,
				F2C9BF6E291BE21D003BC36C /* Preview Assets.xcassets in Resources */,
				F2C9BF6B291BE21D003BC36C /* Assets.xcassets in Resources */,
				F2A438F0291CE4D6006402B0 /* TodoCell.xib in Resources */,
			);
			runOnlyForDeploymentPostprocessing = 0;
		};
/* End PBXResourcesBuildPhase section */

/* Begin PBXSourcesBuildPhase section */
		F2C9BF5F291BE21B003BC36C /* Sources */ = {
			isa = PBXSourcesBuildPhase;
			buildActionMask = 2147483647;
			files = (
				6496CB262C42B81700381F0F /* TodosAPI.swift in Sources */,
				F2A438F4291D31ED006402B0 /* TodosView.swift in Sources */,
				F2C9BF69291BE21B003BC36C /* ContentView.swift in Sources */,
				6496CB2B2C42BC9300381F0F /* TodosResponse.swift in Sources */,
				6491B0AA2C451D2300C2D825 /* URLRequest+Ext.swift in Sources */,
				F2C9BF79291BE37A003BC36C /* MainVC.swift in Sources */,
				64ACDAF02C478E0700A4C169 /* TodosAPI+Closure.swift in Sources */,
				6496CB282C42BC6400381F0F /* TodosVM.swift in Sources */,
				F2A438F7291D351C006402B0 /* Button+Style.swift in Sources */,
				6491B0A52C44FE3500C2D825 /* URL+Ext.swift in Sources */,
				F2C9BF67291BE21B003BC36C /* TodoAppTutorialApp.swift in Sources */,
				F2A438FA291D391C006402B0 /* UISearchBarWrapper.swift in Sources */,
				64ACDAF42C47B42800A4C169 /* TodosAPI+Combine.swift in Sources */,
				F2A438FC291D3A9B006402B0 /* TodoRow.swift in Sources */,
				F2A438F2291CE6DA006402B0 /* TodoCell.swift in Sources */,
			);
			runOnlyForDeploymentPostprocessing = 0;
		};
/* End PBXSourcesBuildPhase section */

/* Begin XCBuildConfiguration section */
		F2C9BF6F291BE21D003BC36C /* Debug */ = {
			isa = XCBuildConfiguration;
			buildSettings = {
				ALWAYS_SEARCH_USER_PATHS = NO;
				CLANG_ANALYZER_NONNULL = YES;
				CLANG_ANALYZER_NUMBER_OBJECT_CONVERSION = YES_AGGRESSIVE;
				CLANG_CXX_LANGUAGE_STANDARD = "gnu++20";
				CLANG_ENABLE_MODULES = YES;
				CLANG_ENABLE_OBJC_ARC = YES;
				CLANG_ENABLE_OBJC_WEAK = YES;
				CLANG_WARN_BLOCK_CAPTURE_AUTORELEASING = YES;
				CLANG_WARN_BOOL_CONVERSION = YES;
				CLANG_WARN_COMMA = YES;
				CLANG_WARN_CONSTANT_CONVERSION = YES;
				CLANG_WARN_DEPRECATED_OBJC_IMPLEMENTATIONS = YES;
				CLANG_WARN_DIRECT_OBJC_ISA_USAGE = YES_ERROR;
				CLANG_WARN_DOCUMENTATION_COMMENTS = YES;
				CLANG_WARN_EMPTY_BODY = YES;
				CLANG_WARN_ENUM_CONVERSION = YES;
				CLANG_WARN_INFINITE_RECURSION = YES;
				CLANG_WARN_INT_CONVERSION = YES;
				CLANG_WARN_NON_LITERAL_NULL_CONVERSION = YES;
				CLANG_WARN_OBJC_IMPLICIT_RETAIN_SELF = YES;
				CLANG_WARN_OBJC_LITERAL_CONVERSION = YES;
				CLANG_WARN_OBJC_ROOT_CLASS = YES_ERROR;
				CLANG_WARN_QUOTED_INCLUDE_IN_FRAMEWORK_HEADER = YES;
				CLANG_WARN_RANGE_LOOP_ANALYSIS = YES;
				CLANG_WARN_STRICT_PROTOTYPES = YES;
				CLANG_WARN_SUSPICIOUS_MOVE = YES;
				CLANG_WARN_UNGUARDED_AVAILABILITY = YES_AGGRESSIVE;
				CLANG_WARN_UNREACHABLE_CODE = YES;
				CLANG_WARN__DUPLICATE_METHOD_MATCH = YES;
				COPY_PHASE_STRIP = NO;
				DEBUG_INFORMATION_FORMAT = dwarf;
				ENABLE_STRICT_OBJC_MSGSEND = YES;
				ENABLE_TESTABILITY = YES;
				GCC_C_LANGUAGE_STANDARD = gnu11;
				GCC_DYNAMIC_NO_PIC = NO;
				GCC_NO_COMMON_BLOCKS = YES;
				GCC_OPTIMIZATION_LEVEL = 0;
				GCC_PREPROCESSOR_DEFINITIONS = (
					"DEBUG=1",
					"$(inherited)",
				);
				GCC_WARN_64_TO_32_BIT_CONVERSION = YES;
				GCC_WARN_ABOUT_RETURN_TYPE = YES_ERROR;
				GCC_WARN_UNDECLARED_SELECTOR = YES;
				GCC_WARN_UNINITIALIZED_AUTOS = YES_AGGRESSIVE;
				GCC_WARN_UNUSED_FUNCTION = YES;
				GCC_WARN_UNUSED_VARIABLE = YES;
				IPHONEOS_DEPLOYMENT_TARGET = 16.0;
				MTL_ENABLE_DEBUG_INFO = INCLUDE_SOURCE;
				MTL_FAST_MATH = YES;
				ONLY_ACTIVE_ARCH = YES;
				SDKROOT = iphoneos;
				SWIFT_ACTIVE_COMPILATION_CONDITIONS = DEBUG;
				SWIFT_OPTIMIZATION_LEVEL = "-Onone";
			};
			name = Debug;
		};
		F2C9BF70291BE21D003BC36C /* Release */ = {
			isa = XCBuildConfiguration;
			buildSettings = {
				ALWAYS_SEARCH_USER_PATHS = NO;
				CLANG_ANALYZER_NONNULL = YES;
				CLANG_ANALYZER_NUMBER_OBJECT_CONVERSION = YES_AGGRESSIVE;
				CLANG_CXX_LANGUAGE_STANDARD = "gnu++20";
				CLANG_ENABLE_MODULES = YES;
				CLANG_ENABLE_OBJC_ARC = YES;
				CLANG_ENABLE_OBJC_WEAK = YES;
				CLANG_WARN_BLOCK_CAPTURE_AUTORELEASING = YES;
				CLANG_WARN_BOOL_CONVERSION = YES;
				CLANG_WARN_COMMA = YES;
				CLANG_WARN_CONSTANT_CONVERSION = YES;
				CLANG_WARN_DEPRECATED_OBJC_IMPLEMENTATIONS = YES;
				CLANG_WARN_DIRECT_OBJC_ISA_USAGE = YES_ERROR;
				CLANG_WARN_DOCUMENTATION_COMMENTS = YES;
				CLANG_WARN_EMPTY_BODY = YES;
				CLANG_WARN_ENUM_CONVERSION = YES;
				CLANG_WARN_INFINITE_RECURSION = YES;
				CLANG_WARN_INT_CONVERSION = YES;
				CLANG_WARN_NON_LITERAL_NULL_CONVERSION = YES;
				CLANG_WARN_OBJC_IMPLICIT_RETAIN_SELF = YES;
				CLANG_WARN_OBJC_LITERAL_CONVERSION = YES;
				CLANG_WARN_OBJC_ROOT_CLASS = YES_ERROR;
				CLANG_WARN_QUOTED_INCLUDE_IN_FRAMEWORK_HEADER = YES;
				CLANG_WARN_RANGE_LOOP_ANALYSIS = YES;
				CLANG_WARN_STRICT_PROTOTYPES = YES;
				CLANG_WARN_SUSPICIOUS_MOVE = YES;
				CLANG_WARN_UNGUARDED_AVAILABILITY = YES_AGGRESSIVE;
				CLANG_WARN_UNREACHABLE_CODE = YES;
				CLANG_WARN__DUPLICATE_METHOD_MATCH = YES;
				COPY_PHASE_STRIP = NO;
				DEBUG_INFORMATION_FORMAT = "dwarf-with-dsym";
				ENABLE_NS_ASSERTIONS = NO;
				ENABLE_STRICT_OBJC_MSGSEND = YES;
				GCC_C_LANGUAGE_STANDARD = gnu11;
				GCC_NO_COMMON_BLOCKS = YES;
				GCC_WARN_64_TO_32_BIT_CONVERSION = YES;
				GCC_WARN_ABOUT_RETURN_TYPE = YES_ERROR;
				GCC_WARN_UNDECLARED_SELECTOR = YES;
				GCC_WARN_UNINITIALIZED_AUTOS = YES_AGGRESSIVE;
				GCC_WARN_UNUSED_FUNCTION = YES;
				GCC_WARN_UNUSED_VARIABLE = YES;
				IPHONEOS_DEPLOYMENT_TARGET = 16.0;
				MTL_ENABLE_DEBUG_INFO = NO;
				MTL_FAST_MATH = YES;
				SDKROOT = iphoneos;
				SWIFT_COMPILATION_MODE = wholemodule;
				SWIFT_OPTIMIZATION_LEVEL = "-O";
				VALIDATE_PRODUCT = YES;
			};
			name = Release;
		};
		F2C9BF72291BE21D003BC36C /* Debug */ = {
			isa = XCBuildConfiguration;
			buildSettings = {
				ASSETCATALOG_COMPILER_APPICON_NAME = AppIcon;
				ASSETCATALOG_COMPILER_GLOBAL_ACCENT_COLOR_NAME = AccentColor;
				CODE_SIGN_STYLE = Automatic;
				CURRENT_PROJECT_VERSION = 1;
				DEVELOPMENT_ASSET_PATHS = "\"TodoAppTutorial/Preview Content\"";
				DEVELOPMENT_TEAM = 5KA6J79S24;
				ENABLE_PREVIEWS = YES;
				GENERATE_INFOPLIST_FILE = YES;
				INFOPLIST_KEY_UIApplicationSceneManifest_Generation = YES;
				INFOPLIST_KEY_UIApplicationSupportsIndirectInputEvents = YES;
				INFOPLIST_KEY_UILaunchScreen_Generation = YES;
				INFOPLIST_KEY_UISupportedInterfaceOrientations_iPad = "UIInterfaceOrientationPortrait UIInterfaceOrientationPortraitUpsideDown UIInterfaceOrientationLandscapeLeft UIInterfaceOrientationLandscapeRight";
				INFOPLIST_KEY_UISupportedInterfaceOrientations_iPhone = "UIInterfaceOrientationPortrait UIInterfaceOrientationLandscapeLeft UIInterfaceOrientationLandscapeRight";
				IPHONEOS_DEPLOYMENT_TARGET = 14.0;
				LD_RUNPATH_SEARCH_PATHS = (
					"$(inherited)",
					"@executable_path/Frameworks",
				);
				MARKETING_VERSION = 1.0;
				PRODUCT_BUNDLE_IDENTIFIER = com.woogie.TodoAppTutorial;
				PRODUCT_NAME = "$(TARGET_NAME)";
				SWIFT_EMIT_LOC_STRINGS = YES;
				SWIFT_VERSION = 5.0;
				TARGETED_DEVICE_FAMILY = "1,2";
			};
			name = Debug;
		};
		F2C9BF73291BE21D003BC36C /* Release */ = {
			isa = XCBuildConfiguration;
			buildSettings = {
				ASSETCATALOG_COMPILER_APPICON_NAME = AppIcon;
				ASSETCATALOG_COMPILER_GLOBAL_ACCENT_COLOR_NAME = AccentColor;
				CODE_SIGN_STYLE = Automatic;
				CURRENT_PROJECT_VERSION = 1;
				DEVELOPMENT_ASSET_PATHS = "\"TodoAppTutorial/Preview Content\"";
				DEVELOPMENT_TEAM = 5KA6J79S24;
				ENABLE_PREVIEWS = YES;
				GENERATE_INFOPLIST_FILE = YES;
				INFOPLIST_KEY_UIApplicationSceneManifest_Generation = YES;
				INFOPLIST_KEY_UIApplicationSupportsIndirectInputEvents = YES;
				INFOPLIST_KEY_UILaunchScreen_Generation = YES;
				INFOPLIST_KEY_UISupportedInterfaceOrientations_iPad = "UIInterfaceOrientationPortrait UIInterfaceOrientationPortraitUpsideDown UIInterfaceOrientationLandscapeLeft UIInterfaceOrientationLandscapeRight";
				INFOPLIST_KEY_UISupportedInterfaceOrientations_iPhone = "UIInterfaceOrientationPortrait UIInterfaceOrientationLandscapeLeft UIInterfaceOrientationLandscapeRight";
				IPHONEOS_DEPLOYMENT_TARGET = 14.0;
				LD_RUNPATH_SEARCH_PATHS = (
					"$(inherited)",
					"@executable_path/Frameworks",
				);
				MARKETING_VERSION = 1.0;
				PRODUCT_BUNDLE_IDENTIFIER = com.woogie.TodoAppTutorial;
				PRODUCT_NAME = "$(TARGET_NAME)";
				SWIFT_EMIT_LOC_STRINGS = YES;
				SWIFT_VERSION = 5.0;
				TARGETED_DEVICE_FAMILY = "1,2";
			};
			name = Release;
		};
/* End XCBuildConfiguration section */

/* Begin XCConfigurationList section */
		F2C9BF5E291BE21B003BC36C /* Build configuration list for PBXProject "TodoAppTutorial" */ = {
			isa = XCConfigurationList;
			buildConfigurations = (
				F2C9BF6F291BE21D003BC36C /* Debug */,
				F2C9BF70291BE21D003BC36C /* Release */,
			);
			defaultConfigurationIsVisible = 0;
			defaultConfigurationName = Release;
		};
		F2C9BF71291BE21D003BC36C /* Build configuration list for PBXNativeTarget "TodoAppTutorial" */ = {
			isa = XCConfigurationList;
			buildConfigurations = (
				F2C9BF72291BE21D003BC36C /* Debug */,
				F2C9BF73291BE21D003BC36C /* Release */,
			);
			defaultConfigurationIsVisible = 0;
			defaultConfigurationName = Release;
		};
/* End XCConfigurationList section */

/* Begin XCRemoteSwiftPackageReference section */
		6491B0A62C45051F00C2D825 /* XCRemoteSwiftPackageReference "MultipartForm" */ = {
			isa = XCRemoteSwiftPackageReference;
			repositoryURL = "https://github.com/davbeck/MultipartForm";
			requirement = {
				kind = upToNextMajorVersion;
				minimumVersion = 0.1.0;
			};
		};
		64ACDB072C4908C000A4C169 /* XCRemoteSwiftPackageReference "CombineCocoa" */ = {
			isa = XCRemoteSwiftPackageReference;
			repositoryURL = "https://github.com/CombineCommunity/CombineCocoa.git";
			requirement = {
				kind = upToNextMajorVersion;
				minimumVersion = 0.4.1;
			};
		};
/* End XCRemoteSwiftPackageReference section */

/* Begin XCSwiftPackageProductDependency section */
		6491B0A72C45051F00C2D825 /* MultipartForm */ = {
			isa = XCSwiftPackageProductDependency;
			package = 6491B0A62C45051F00C2D825 /* XCRemoteSwiftPackageReference "MultipartForm" */;
			productName = MultipartForm;
		};
		64ACDB082C4908C000A4C169 /* CombineCocoa */ = {
			isa = XCSwiftPackageProductDependency;
			package = 64ACDB072C4908C000A4C169 /* XCRemoteSwiftPackageReference "CombineCocoa" */;
			productName = CombineCocoa;
		};
/* End XCSwiftPackageProductDependency section */
	};
	rootObject = F2C9BF5B291BE21B003BC36C /* Project object */;
}
